
Microsoft Visual Studio Solution File, Format Version 12.00
# Visual Studio Version 17
VisualStudioVersion = 17.2.32314.265
MinimumVisualStudioVersion = 10.0.40219.1
Project("{FAE04EC0-301F-11D3-BF4B-00C04F79EFBC}") = "BlazorResearchTool.Server", "Server\BlazorResearchTool.Server.csproj", "{22C7E792-ED42-4E15-81EF-3BACC2D34C78}"
EndProject
Project("{FAE04EC0-301F-11D3-BF4B-00C04F79EFBC}") = "BlazorResearchTool.Client", "Client\BlazorResearchTool.Client.csproj", "{37021AD0-EB04-4264-8EC3-9FF51F6DBD8D}"
EndProject
Project("{FAE04EC0-301F-11D3-BF4B-00C04F79EFBC}") = "BlazorResearchTool.Shared", "Shared\BlazorResearchTool.Shared.csproj", "{CCC31F58-C589-4ACC-BC2D-0E3379857C01}"
EndProject
Global
	GlobalSection(SolutionConfigurationPlatforms) = preSolution
		Debug|Any CPU = Debug|Any CPU
		Release|Any CPU = Release|Any CPU
	EndGlobalSection
	GlobalSection(ProjectConfigurationPlatforms) = postSolution
		{22C7E792-ED42-4E15-81EF-3BACC2D34C78}.Debug|Any CPU.ActiveCfg = Debug|Any CPU
		{22C7E792-ED42-4E15-81EF-3BACC2D34C78}.Debug|Any CPU.Build.0 = Debug|Any CPU
		{22C7E792-ED42-4E15-81EF-3BACC2D34C78}.Release|Any CPU.ActiveCfg = Release|Any CPU
		{22C7E792-ED42-4E15-81EF-3BACC2D34C78}.Release|Any CPU.Build.0 = Release|Any CPU
		{37021AD0-EB04-4264-8EC3-9FF51F6DBD8D}.Debug|Any CPU.ActiveCfg = Debug|Any CPU
		{37021AD0-EB04-4264-8EC3-9FF51F6DBD8D}.Debug|Any CPU.Build.0 = Debug|Any CPU
		{37021AD0-EB04-4264-8EC3-9FF51F6DBD8D}.Release|Any CPU.ActiveCfg = Release|Any CPU
		{37021AD0-EB04-4264-8EC3-9FF51F6DBD8D}.Release|Any CPU.Build.0 = Release|Any CPU
		{CCC31F58-C589-4ACC-BC2D-0E3379857C01}.Debug|Any CPU.ActiveCfg = Debug|Any CPU
		{CCC31F58-C589-4ACC-BC2D-0E3379857C01}.Debug|Any CPU.Build.0 = Debug|Any CPU
		{CCC31F58-C589-4ACC-BC2D-0E3379857C01}.Release|Any CPU.ActiveCfg = Release|Any CPU
		{CCC31F58-C589-4ACC-BC2D-0E3379857C01}.Release|Any CPU.Build.0 = Release|Any CPU
	EndGlobalSection
	GlobalSection(SolutionProperties) = preSolution
		HideSolutionNode = FALSE
	EndGlobalSection
	GlobalSection(ExtensibilityGlobals) = postSolution
		SolutionGuid = {F4657670-5C45-49C3-BFF1-E026A2A4D78E}
	EndGlobalSection
EndGlobal
